
Microsoft Visual Studio Solution File, Format Version 12.00
# Visual Studio 14
VisualStudioVersion = 14.0.24720.0
MinimumVisualStudioVersion = 10.0.40219.1
Project("{FAE04EC0-301F-11D3-BF4B-00C04F79EFBC}") = "testFunkyGatesDW", "testFunkyGatesDW.csproj", "{78D34E41-5D97-4EB6-B619-EE3F7CE3CBFE}"
EndProject
Global
	GlobalSection(SolutionConfigurationPlatforms) = preSolution
		Debug|Any CPU = Debug|Any CPU
		Release|Any CPU = Release|Any CPU
	EndGlobalSection
	GlobalSection(ProjectConfigurationPlatforms) = postSolution
		{78D34E41-5D97-4EB6-B619-EE3F7CE3CBFE}.Debug|Any CPU.ActiveCfg = Debug|Any CPU
		{78D34E41-5D97-4EB6-B619-EE3F7CE3CBFE}.Debug|Any CPU.Build.0 = Debug|Any CPU
		{78D34E41-5D97-4EB6-B619-EE3F7CE3CBFE}.Release|Any CPU.ActiveCfg = Release|Any CPU
		{78D34E41-5D97-4EB6-B619-EE3F7CE3CBFE}.Release|Any CPU.Build.0 = Release|Any CPU
	EndGlobalSection
	GlobalSection(SolutionProperties) = preSolution
		HideSolutionNode = FALSE
	EndGlobalSection
EndGlobal
